
Microsoft Visual Studio Solution File, Format Version 12.00
# Visual Studio Version 16
VisualStudioVersion = 16.0.31112.23
MinimumVisualStudioVersion = 10.0.40219.1
Project("{FAE04EC0-301F-11D3-BF4B-00C04F79EFBC}") = "Task1", "Task1.csproj", "{72E57396-4E1E-4674-A9C4-3617476C881F}"
EndProject
Global
	GlobalSection(SolutionConfigurationPlatforms) = preSolution
		Debug|Any CPU = Debug|Any CPU
		Release|Any CPU = Release|Any CPU
	EndGlobalSection
	GlobalSection(ProjectConfigurationPlatforms) = postSolution
		{72E57396-4E1E-4674-A9C4-3617476C881F}.Debug|Any CPU.ActiveCfg = Debug|Any CPU
		{72E57396-4E1E-4674-A9C4-3617476C881F}.Debug|Any CPU.Build.0 = Debug|Any CPU
		{72E57396-4E1E-4674-A9C4-3617476C881F}.Release|Any CPU.ActiveCfg = Release|Any CPU
		{72E57396-4E1E-4674-A9C4-3617476C881F}.Release|Any CPU.Build.0 = Release|Any CPU
	EndGlobalSection
	GlobalSection(SolutionProperties) = preSolution
		HideSolutionNode = FALSE
	EndGlobalSection
	GlobalSection(ExtensibilityGlobals) = postSolution
		SolutionGuid = {05A01EF0-6B0D-49CD-9822-29A5300D3075}
	EndGlobalSection
EndGlobal
